
Microsoft Visual Studio Solution File, Format Version 12.00
# Visual Studio Version 16
VisualStudioVersion = 16.0.30002.166
MinimumVisualStudioVersion = 10.0.40219.1
Project("{FAE04EC0-301F-11D3-BF4B-00C04F79EFBC}") = "NetWenApiStudentAntreman", "NetWenApiStudentAntreman.csproj", "{0391FB93-52AB-4A84-967F-D072DBA36FC5}"
EndProject
Global
	GlobalSection(SolutionConfigurationPlatforms) = preSolution
		Debug|Any CPU = Debug|Any CPU
		Release|Any CPU = Release|Any CPU
	EndGlobalSection
	GlobalSection(ProjectConfigurationPlatforms) = postSolution
		{0391FB93-52AB-4A84-967F-D072DBA36FC5}.Debug|Any CPU.ActiveCfg = Debug|Any CPU
		{0391FB93-52AB-4A84-967F-D072DBA36FC5}.Debug|Any CPU.Build.0 = Debug|Any CPU
		{0391FB93-52AB-4A84-967F-D072DBA36FC5}.Release|Any CPU.ActiveCfg = Release|Any CPU
		{0391FB93-52AB-4A84-967F-D072DBA36FC5}.Release|Any CPU.Build.0 = Release|Any CPU
	EndGlobalSection
	GlobalSection(SolutionProperties) = preSolution
		HideSolutionNode = FALSE
	EndGlobalSection
	GlobalSection(ExtensibilityGlobals) = postSolution
		SolutionGuid = {3B1C9F98-1634-46A6-A345-BC770EBD6FCA}
	EndGlobalSection
EndGlobal
